
Microsoft Visual Studio Solution File, Format Version 12.00
# Visual Studio 15
VisualStudioVersion = 15.0.28010.2041
MinimumVisualStudioVersion = 10.0.40219.1
Project("{FAE04EC0-301F-11D3-BF4B-00C04F79EFBC}") = "SISE_ZAD1", "SISE_ZAD1.csproj", "{822CBE63-8967-42B5-85E7-268520D13FC1}"
EndProject
Global
	GlobalSection(SolutionConfigurationPlatforms) = preSolution
		Debug|Any CPU = Debug|Any CPU
		Debug|x64 = Debug|x64
		Release|Any CPU = Release|Any CPU
		Release|x64 = Release|x64
		Test|Any CPU = Test|Any CPU
		Test|x64 = Test|x64
	EndGlobalSection
	GlobalSection(ProjectConfigurationPlatforms) = postSolution
		{822CBE63-8967-42B5-85E7-268520D13FC1}.Debug|Any CPU.ActiveCfg = Debug|Any CPU
		{822CBE63-8967-42B5-85E7-268520D13FC1}.Debug|Any CPU.Build.0 = Debug|Any CPU
		{822CBE63-8967-42B5-85E7-268520D13FC1}.Debug|x64.ActiveCfg = Debug|x64
		{822CBE63-8967-42B5-85E7-268520D13FC1}.Debug|x64.Build.0 = Debug|x64
		{822CBE63-8967-42B5-85E7-268520D13FC1}.Release|Any CPU.ActiveCfg = Release|Any CPU
		{822CBE63-8967-42B5-85E7-268520D13FC1}.Release|Any CPU.Build.0 = Release|Any CPU
		{822CBE63-8967-42B5-85E7-268520D13FC1}.Release|x64.ActiveCfg = Release|x64
		{822CBE63-8967-42B5-85E7-268520D13FC1}.Release|x64.Build.0 = Release|x64
		{822CBE63-8967-42B5-85E7-268520D13FC1}.Test|Any CPU.ActiveCfg = Debug|Any CPU
		{822CBE63-8967-42B5-85E7-268520D13FC1}.Test|Any CPU.Build.0 = Debug|Any CPU
		{822CBE63-8967-42B5-85E7-268520D13FC1}.Test|x64.ActiveCfg = Test|x64
		{822CBE63-8967-42B5-85E7-268520D13FC1}.Test|x64.Build.0 = Test|x64
	EndGlobalSection
	GlobalSection(SolutionProperties) = preSolution
		HideSolutionNode = FALSE
	EndGlobalSection
	GlobalSection(ExtensibilityGlobals) = postSolution
		SolutionGuid = {6CB45C76-BE33-4593-9520-B54CF75B9716}
	EndGlobalSection
EndGlobal
